cloud.google.com/go v0.65.0 h1:Dg9iHVQfrhq82rUNu9ZxUDrJLaxFUe/HlCVaLyRruq8=
cloud.google.com/go/compute v1.24.0 h1:phWcR2eWzRJaL/kOiJwfFsPs4BaKq1j6vnpZrc1YlVg=
cloud.google.com/go/compute/metadata v0.2.3 h1:mg4jlk7mCAj6xXp9UJ4fjI9VUI5rubuGBW5aJ7UnBMY=
github.com/beorn7/perks v1.0.1 h1:VlbKKnNfV8bJzeqoa4cOKqO6bYr3WgKZxO8Z16+hsOM=
github.com/cespare/xxhash/v2 v2.2.0 h1:DC2CZ1Ep5Y4k3ZQ899DldepgrayRUGE6BBZ/cd9Cj44=
github.com/cncf/xds/go v0.0.0-20231128003011-0fa0005c9caa h1:jQCWAUqqlij9Pgj2i/PB79y4KOPYVyFYdROxgaCwdTQ=
github.com/davecgh/go-spew v1.1.1 h1:vj9j/u1bqnvCEfJOwUhtlOARqs3+rkHYY13jYWTU97c=
github.com/envoyproxy/protoc-gen-validate v1.0.4 h1:gVPz/FMfvh57HdSJQyvBtF00j8JU4zdyUgIUNhlgg0A=
github.com/go-logr/logr v1.2.2/go.mod h1:jdQByPbusPIv2/zmleS9BjJVeZ6kBagPoEUsqbVz/1A=
github.com/go-logr/logr v1.4.1 h1:pKouT5E8xu9zeFC39JXRDukb6JFQPXM5p5I91188VAQ=
github.com/go-logr/logr v1.4.1/go.mod h1:9T104GzyrTigFIr8wt5mBrctHMim0Nb2HLGrmQ40KvY=
github.com/go-logr/stdr v1.2.2 h1:hSWxHoqTgW2S2qGc0LTAI563KZ5YKYRhT3MFKZMbjag=
github.com/go-logr/stdr v1.2.2/go.mod h1:mMo/vtBO5dYbehREoey6XUKy/eSumjCCveDpRre4VKE=
github.com/golang/protobuf v1.5.0/go.mod h1:FsONVRAS9T7sI+LIUmWTfcYkHO4aIWwzhcaSAoJOfIk=
github.com/golang/protobuf v1.5.4 h1:i7eJL8qZTpSEXOPTxNKhASYpMn+8e5Q6AdndVa1dWek=
github.com/google/go-cmp v0.5.5/go.mod h1:v8dTdLbMG2kIc/vJvl+f65V22dbkXbowE6jgT/gNBxE=
github.com/google/go-cmp v0.6.0 h1:ofyhxvXcZhMsU5ulbFiLKl/XBFqE1GSq7atu8tAmTRI=
github.com/grpc-ecosystem/go-grpc-middleware/providers/prometheus v1.0.1 h1:qnpSQwGEnkcRpTqNOIR6bJbR0gAorgP9CSALpRcKoAA=
github.com/grpc-ecosystem/go-grpc-middleware/v2 v2.1.0 h1:pRhl55Yx1eC7BZ1N+BBWwnKaMyD8uC+34TLdndZMAKk=
github.com/matttproud/golang_protobuf_extensions v1.0.1 h1:4hp9jkHxhMHkqkrB3Ix0jegS5sx/RkqARlsWZ6pIwiU=
github.com/pmezard/go-difflib v1.0.0 h1:4DBwDE0NGyQoBHbLQYPwSUPoCMWR5BEzIk/f1lZbAQM=
github.com/prometheus/client_golang v1.14.0 h1:nJdhIvne2eSX/XRAFV9PcvFFRbrjbcTUj0VP62TMhnw=
github.com/prometheus/client_model v0.5.0 h1:VQw1hfvPvk3Uv6Qf29VrPF32JB6rtbgI6cYPYQjL0Qw=
github.com/prometheus/common v0.37.0 h1:ccBbHCgIiT9uSoFY0vX8H3zsNR5eLt17/RQLUvn8pXE=
github.com/prometheus/procfs v0.8.0 h1:ODq8ZFEaYeCaZOJlZZdJA2AbQR98dSHSM1KW/You5mo=
github.com/stretchr/testify v1.8.4 h1:CcVxjf3Q8PM0mHUKJCdn+eZZtm5yQwehR5yeSVQQcUk=
go.opentelemetry.io/contrib/instrumentation/google.golang.org/grpc/otelgrpc v0.47.0 h1:UNQQKPfTDe1J81ViolILjTKPr9WetKW6uei2hFgJmFs=
go.opentelemetry.io/contrib/instrumentation/google.golang.org/grpc/otelgrpc v0.47.0/go.mod h1:r9vWsPS/3AQItv3OSlEJ/E4mbrhUbbw18meOjArPtKQ=
go.opentelemetry.io/otel v1.22.0 h1:xS7Ku+7yTFvDfDraDIJVpw7XPyuHlB9MCiqqX5mcJ6Y=
go.opentelemetry.io/otel v1.22.0/go.mod h1:eoV4iAi3Ea8LkAEI9+GFT44O6T/D0GWAVFyZVCC6pMI=
go.opentelemetry.io/otel/metric v1.22.0 h1:lypMQnGyJYeuYPhOM/bgjbFM6WE44W1/T45er4d8Hhg=
go.opentelemetry.io/otel/metric v1.22.0/go.mod h1:evJGjVpZv0mQ5QBRJoBF64yMuOf4xCWdXjK8pzFvliY=
go.opentelemetry.io/otel/trace v1.22.0 h1:Hg6pPujv0XG9QaVbGOBVHunyuLcCC3jN7WEhPx83XD0=
go.opentelemetry.io/otel/trace v1.22.0/go.mod h1:RbbHXVqKES9QhzZq/fE5UnOSILqRt40a21sPw2He1xo=
golang.org/x/exp v0.0.0-20240506185415-9bf2ced13842 h1:vr/HnozRka3pE4EsMEg1lgkXJkTFJCVUX+S/ZT6wYzM=
golang.org/x/net v0.24.0 h1:1PcaxkF854Fu3+lvBIx5SYn9wRlBzzcnHZSiaFFAb0w=
golang.org/x/oauth2 v0.17.0 h1:6m3ZPmLEFdVxKKWnKq4VqZ60gutO35zm+zrAHVmHyDQ=
golang.org/x/sync v0.7.0 h1:YsImfSBoP9QPYL0xyKJPq0gcaJdG3rInoqxTWbfQu9M=
golang.org/x/sync v0.7.0/go.mod h1:Czt+wKu1gCyEFDUtn0jG5QVvpJ6rzVqr5aXyt9drQfk=
golang.org/x/sys v0.19.0 h1:q5f1RH2jigJ1MoAWp2KTp3gm5zAGFUTarQZ5U386+4o=
golang.org/x/text v0.14.0 h1:ScX5w1eTa3QqT8oi6+ziP7dTV1S2+ALU0bI+0zXKWiQ=
golang.org/x/text v0.14.0/go.mod h1:18ZOQIKpY8NJVqYksKHtTdi31H5itFRjB5/qKTNYzSU=
golang.org/x/time v0.5.0 h1:o7cqy6amK/52YcAKIPlM3a+Fpj35zvRj2TP+e1xFSfk=
golang.org/x/time v0.5.0/go.mod h1:3BpzKBy/shNhVucY/MWOyx10tF3SFh9QdLuxbVysPQM=
golang.org/x/xerrors v0.0.0-20191204190536-9bdfabe68543/go.mod h1:I/5z698sn9Ka8TeJc9MKroUUfqBBauWjQqLJ2OPfmY0=
google.golang.org/appengine v1.6.8 h1:IhEN5q69dyKagZPYMSdIjS2HqprW324FRQZJcGqPAsM=
google.golang.org/genproto/googleapis/rpc v0.0.0-20240415180920-8c6c420018be h1:LG9vZxsWGOmUKieR8wPAUR3u3MpnYFQZROPIMaXh7/A=
google.golang.org/grpc v1.63.2 h1:MUeiw1B2maTVZthpU5xvASfTh3LDbxHd6IJ6QQVU+xM=
google.golang.org/protobuf v1.26.0-rc.1/go.mod h1:jlhhOSvTdKEhbULTjvd4ARK9grFBp09yW+WbY/TyQbw=
google.golang.org/protobuf v1.26.0/go.mod h1:9q0QmTI4eRPtz6boOQmLYwt+qCgq0jsYwAQnmE0givc=
google.golang.org/protobuf v1.34.1 h1:9ddQBjfCyZPOHPUiPxpYESBLc+T8P3E+Vo4IbKZgFWg=
gopkg.in/yaml.v3 v3.0.1 h1:fxVm/GzAzEWqLHuvctI91KS9hhNmmWOoWu0XTYJS7CA=
